# THIS IS AN AUTOGENERATED FILE. DO NOT EDIT THIS FILE DIRECTLY.
# yarn lockfile v1


"@algolia/autocomplete-core@1.7.2":
  version "1.7.2"
  resolved "https://registry.npmjs.org/@algolia/autocomplete-core/-/autocomplete-core-1.7.2.tgz"
  dependencies:
    "@algolia/autocomplete-shared" "1.7.2"

"@algolia/autocomplete-preset-algolia@1.7.2":
  version "1.7.2"
  resolved "https://registry.npmjs.org/@algolia/autocomplete-preset-algolia/-/autocomplete-preset-algolia-1.7.2.tgz"
  dependencies:
    "@algolia/autocomplete-shared" "1.7.2"

"@algolia/autocomplete-shared@1.7.2":
  version "1.7.2"
  resolved "https://registry.npmjs.org/@algolia/autocomplete-shared/-/autocomplete-shared-1.7.2.tgz"

"@algolia/cache-browser-local-storage@4.14.3":
  version "4.14.3"
  resolved "https://registry.npmjs.org/@algolia/cache-browser-local-storage/-/cache-browser-local-storage-4.14.3.tgz"
  dependencies:
    "@algolia/cache-common" "4.14.3"

"@algolia/cache-common@4.14.3":
  version "4.14.3"
  resolved "https://registry.npmjs.org/@algolia/cache-common/-/cache-common-4.14.3.tgz"

"@algolia/cache-in-memory@4.14.3":
  version "4.14.3"
  resolved "https://registry.npmjs.org/@algolia/cache-in-memory/-/cache-in-memory-4.14.3.tgz"
  dependencies:
    "@algolia/cache-common" "4.14.3"

"@algolia/client-account@4.14.3":
  version "4.14.3"
  resolved "https://registry.npmjs.org/@algolia/client-account/-/client-account-4.14.3.tgz"
  dependencies:
    "@algolia/client-common" "4.14.3"
    "@algolia/client-search" "4.14.3"
    "@algolia/transporter" "4.14.3"

"@algolia/client-analytics@4.14.3":
  version "4.14.3"
  resolved "https://registry.npmjs.org/@algolia/client-analytics/-/client-analytics-4.14.3.tgz"
  dependencies:
    "@algolia/client-common" "4.14.3"
    "@algolia/client-search" "4.14.3"
    "@algolia/requester-common" "4.14.3"
    "@algolia/transporter" "4.14.3"

"@algolia/client-common@4.14.3":
  version "4.14.3"
  resolved "https://registry.npmjs.org/@algolia/client-common/-/client-common-4.14.3.tgz"
  dependencies:
    "@algolia/requester-common" "4.14.3"
    "@algolia/transporter" "4.14.3"

"@algolia/client-personalization@4.14.3":
  version "4.14.3"
  resolved "https://registry.npmjs.org/@algolia/client-personalization/-/client-personalization-4.14.3.tgz"
  dependencies:
    "@algolia/client-common" "4.14.3"
    "@algolia/requester-common" "4.14.3"
    "@algolia/transporter" "4.14.3"

"@algolia/client-search@4.14.3":
  version "4.14.3"
  resolved "https://registry.npmjs.org/@algolia/client-search/-/client-search-4.14.3.tgz"
  dependencies:
    "@algolia/client-common" "4.14.3"
    "@algolia/requester-common" "4.14.3"
    "@algolia/transporter" "4.14.3"

"@algolia/logger-common@4.14.3":
  version "4.14.3"
  resolved "https://registry.npmjs.org/@algolia/logger-common/-/logger-common-4.14.3.tgz"

"@algolia/logger-console@4.14.3":
  version "4.14.3"
  resolved "https://registry.npmjs.org/@algolia/logger-console/-/logger-console-4.14.3.tgz"
  dependencies:
    "@algolia/logger-common" "4.14.3"

"@algolia/requester-browser-xhr@4.14.3":
  version "4.14.3"
  resolved "https://registry.npmjs.org/@algolia/requester-browser-xhr/-/requester-browser-xhr-4.14.3.tgz"
  dependencies:
    "@algolia/requester-common" "4.14.3"

"@algolia/requester-common@4.14.3":
  version "4.14.3"
  resolved "https://registry.npmjs.org/@algolia/requester-common/-/requester-common-4.14.3.tgz"

"@algolia/requester-node-http@4.14.3":
  version "4.14.3"
  resolved "https://registry.npmjs.org/@algolia/requester-node-http/-/requester-node-http-4.14.3.tgz"
  dependencies:
    "@algolia/requester-common" "4.14.3"

"@algolia/transporter@4.14.3":
  version "4.14.3"
  resolved "https://registry.npmjs.org/@algolia/transporter/-/transporter-4.14.3.tgz"
  dependencies:
    "@algolia/cache-common" "4.14.3"
    "@algolia/logger-common" "4.14.3"
    "@algolia/requester-common" "4.14.3"

"@babel/parser@^7.16.4":
  version "7.20.7"
  resolved "https://registry.npmjs.org/@babel/parser/-/parser-7.20.7.tgz"

"@docsearch/css@3.3.1", "@docsearch/css@^3.3.1":
  version "3.3.1"
  resolved "https://registry.npmjs.org/@docsearch/css/-/css-3.3.1.tgz"

"@docsearch/js@^3.2.1", "@docsearch/js@^3.3.1":
  version "3.3.1"
  resolved "https://registry.npmjs.org/@docsearch/js/-/js-3.3.1.tgz"
  dependencies:
    "@docsearch/react" "3.3.1"
    preact "^10.0.0"

"@docsearch/react@3.3.1":
  version "3.3.1"
  resolved "https://registry.npmjs.org/@docsearch/react/-/react-3.3.1.tgz"
  dependencies:
    "@algolia/autocomplete-core" "1.7.2"
    "@algolia/autocomplete-preset-algolia" "1.7.2"
    "@docsearch/css" "3.3.1"
    algoliasearch "^4.0.0"

"@esbuild/android-arm64@0.16.16":
  version "0.16.16"
  resolved "https://registry.yarnpkg.com/@esbuild/android-arm64/-/android-arm64-0.16.16.tgz#833184b8a0a96f9c85105c53d0a67e6d3c5c3f07"

"@esbuild/android-arm@0.16.16":
  version "0.16.16"
  resolved "https://registry.yarnpkg.com/@esbuild/android-arm/-/android-arm-0.16.16.tgz#23761b2fd1dfa4806161dbfc9e0824f04061cb95"

"@esbuild/android-x64@0.16.16":
  version "0.16.16"
  resolved "https://registry.yarnpkg.com/@esbuild/android-x64/-/android-x64-0.16.16.tgz#ffa09f04c0ffea5b594ab7655fc9ca1220365e9b"

"@esbuild/darwin-arm64@0.16.16":
  version "0.16.16"
  resolved "https://registry.yarnpkg.com/@esbuild/darwin-arm64/-/darwin-arm64-0.16.16.tgz#62ed2b4bfab594b9e5e708580361f1d059b53b26"

"@esbuild/darwin-x64@0.16.16":
  version "0.16.16"
  resolved "https://registry.yarnpkg.com/@esbuild/darwin-x64/-/darwin-x64-0.16.16.tgz#e9756d34cd9b3737a5354e89ca0fdca32d8df64c"

"@esbuild/freebsd-arm64@0.16.16":
  version "0.16.16"
  resolved "https://registry.yarnpkg.com/@esbuild/freebsd-arm64/-/freebsd-arm64-0.16.16.tgz#db7bce444d372e5a213a3f359c42aee3acc0dd45"

"@esbuild/freebsd-x64@0.16.16":
  version "0.16.16"
  resolved "https://registry.yarnpkg.com/@esbuild/freebsd-x64/-/freebsd-x64-0.16.16.tgz#02e8a81b7e56040b5eb883896de445a6cd3501f0"

"@esbuild/linux-arm64@0.16.16":
  version "0.16.16"
  resolved "https://registry.yarnpkg.com/@esbuild/linux-arm64/-/linux-arm64-0.16.16.tgz#ea8c3df172644fa6437f0083c2a38b50f89e5b98"

"@esbuild/linux-arm@0.16.16":
  version "0.16.16"
  resolved "https://registry.yarnpkg.com/@esbuild/linux-arm/-/linux-arm-0.16.16.tgz#c1c2e97e67bb7247e6f60e2644de057bfedb8cbb"

"@esbuild/linux-ia32@0.16.16":
  version "0.16.16"
  resolved "https://registry.yarnpkg.com/@esbuild/linux-ia32/-/linux-ia32-0.16.16.tgz#9a0b0e926926f891a3e7f7c50bb38e3db49c2c9a"

"@esbuild/linux-loong64@0.16.16":
  version "0.16.16"
  resolved "https://registry.yarnpkg.com/@esbuild/linux-loong64/-/linux-loong64-0.16.16.tgz#c5a50ff5981d457ed45f42c3f06a60086759c79b"

"@esbuild/linux-mips64el@0.16.16":
  version "0.16.16"
  resolved "https://registry.yarnpkg.com/@esbuild/linux-mips64el/-/linux-mips64el-0.16.16.tgz#e85b7e3c25000be2ae373e5208e55e282a9763e0"

"@esbuild/linux-ppc64@0.16.16":
  version "0.16.16"
  resolved "https://registry.yarnpkg.com/@esbuild/linux-ppc64/-/linux-ppc64-0.16.16.tgz#24a0013bf727830df44fece571172ebe31b5c5e6"

"@esbuild/linux-riscv64@0.16.16":
  version "0.16.16"
  resolved "https://registry.yarnpkg.com/@esbuild/linux-riscv64/-/linux-riscv64-0.16.16.tgz#b080998d8d0480e8235f1384c585ae505e98a19d"

"@esbuild/linux-s390x@0.16.16":
  version "0.16.16"
  resolved "https://registry.yarnpkg.com/@esbuild/linux-s390x/-/linux-s390x-0.16.16.tgz#5042de05b9b653dfd134f05e1b37b61704c14c42"

"@esbuild/linux-x64@0.16.16":
  version "0.16.16"
  resolved "https://registry.yarnpkg.com/@esbuild/linux-x64/-/linux-x64-0.16.16.tgz#b7c0750f2276c9dcf41f0f2229adca46ef22f698"

"@esbuild/netbsd-x64@0.16.16":
  version "0.16.16"
  resolved "https://registry.yarnpkg.com/@esbuild/netbsd-x64/-/netbsd-x64-0.16.16.tgz#e2a0ee181fbbe834174d26e24ce1b258232bb3eb"

"@esbuild/openbsd-x64@0.16.16":
  version "0.16.16"
  resolved "https://registry.yarnpkg.com/@esbuild/openbsd-x64/-/openbsd-x64-0.16.16.tgz#87a84c1932e00f52ab3380c31facf0e48086ffb9"

"@esbuild/sunos-x64@0.16.16":
  version "0.16.16"
  resolved "https://registry.yarnpkg.com/@esbuild/sunos-x64/-/sunos-x64-0.16.16.tgz#996bcd2603cd345733c3aa5f52bfd5b8fa7d1d36"

"@esbuild/win32-arm64@0.16.16":
  version "0.16.16"
  resolved "https://registry.yarnpkg.com/@esbuild/win32-arm64/-/win32-arm64-0.16.16.tgz#404a9411d12533d0f2ce0a85df6ddb32e851ef04"

"@esbuild/win32-ia32@0.16.16":
  version "0.16.16"
  resolved "https://registry.yarnpkg.com/@esbuild/win32-ia32/-/win32-ia32-0.16.16.tgz#bb5655a48f5f87fee870061883411f5149bc5e44"

"@esbuild/win32-x64@0.16.16":
  version "0.16.16"
  resolved "https://registry.npmjs.org/@esbuild/win32-x64/-/win32-x64-0.16.16.tgz"

"@types/web-bluetooth@^0.0.16":
  version "0.0.16"
  resolved "https://registry.npmjs.org/@types/web-bluetooth/-/web-bluetooth-0.0.16.tgz"

"@vitejs/plugin-vue@^4.0.0":
  version "4.0.0"
  resolved "https://registry.npmjs.org/@vitejs/plugin-vue/-/plugin-vue-4.0.0.tgz"

"@vue/compiler-core@3.2.47":
  version "3.2.47"
  resolved "https://registry.yarnpkg.com/@vue/compiler-core/-/compiler-core-3.2.47.tgz#3e07c684d74897ac9aa5922c520741f3029267f8"
  dependencies:
    "@babel/parser" "^7.16.4"
    "@vue/shared" "3.2.47"
    estree-walker "^2.0.2"
    source-map "^0.6.1"

"@vue/compiler-dom@3.2.47":
  version "3.2.47"
  resolved "https://registry.yarnpkg.com/@vue/compiler-dom/-/compiler-dom-3.2.47.tgz#a0b06caf7ef7056939e563dcaa9cbde30794f305"
  dependencies:
    "@vue/compiler-core" "3.2.47"
    "@vue/shared" "3.2.47"

"@vue/compiler-sfc@3.2.47":
  version "3.2.47"
  resolved "https://registry.yarnpkg.com/@vue/compiler-sfc/-/compiler-sfc-3.2.47.tgz#1bdc36f6cdc1643f72e2c397eb1a398f5004ad3d"
  dependencies:
    "@babel/parser" "^7.16.4"
    "@vue/compiler-core" "3.2.47"
    "@vue/compiler-dom" "3.2.47"
    "@vue/compiler-ssr" "3.2.47"
    "@vue/reactivity-transform" "3.2.47"
    "@vue/shared" "3.2.47"
    estree-walker "^2.0.2"
    magic-string "^0.25.7"
    postcss "^8.1.10"
    source-map "^0.6.1"

"@vue/compiler-ssr@3.2.47":
  version "3.2.47"
  resolved "https://registry.yarnpkg.com/@vue/compiler-ssr/-/compiler-ssr-3.2.47.tgz#35872c01a273aac4d6070ab9d8da918ab13057ee"
  dependencies:
    "@vue/compiler-dom" "3.2.47"
    "@vue/shared" "3.2.47"

"@vue/devtools-api@^6.4.5":
  version "6.4.5"
  resolved "https://registry.npmjs.org/@vue/devtools-api/-/devtools-api-6.4.5.tgz"

"@vue/reactivity-transform@3.2.47":
  version "3.2.47"
  resolved "https://registry.yarnpkg.com/@vue/reactivity-transform/-/reactivity-transform-3.2.47.tgz#e45df4d06370f8abf29081a16afd25cffba6d84e"
  dependencies:
    "@babel/parser" "^7.16.4"
    "@vue/compiler-core" "3.2.47"
    "@vue/shared" "3.2.47"
    estree-walker "^2.0.2"
    magic-string "^0.25.7"

"@vue/reactivity@3.2.47":
  version "3.2.47"
  resolved "https://registry.yarnpkg.com/@vue/reactivity/-/reactivity-3.2.47.tgz#1d6399074eadfc3ed35c727e2fd707d6881140b6"
  dependencies:
    "@vue/shared" "3.2.47"

"@vue/runtime-core@3.2.47":
  version "3.2.47"
  resolved "https://registry.yarnpkg.com/@vue/runtime-core/-/runtime-core-3.2.47.tgz#406ebade3d5551c00fc6409bbc1eeb10f32e121d"
  dependencies:
    "@vue/reactivity" "3.2.47"
    "@vue/shared" "3.2.47"

"@vue/runtime-dom@3.2.47":
  version "3.2.47"
  resolved "https://registry.yarnpkg.com/@vue/runtime-dom/-/runtime-dom-3.2.47.tgz#93e760eeaeab84dedfb7c3eaf3ed58d776299382"
  dependencies:
    "@vue/runtime-core" "3.2.47"
    "@vue/shared" "3.2.47"
    csstype "^2.6.8"

"@vue/server-renderer@3.2.47":
  version "3.2.47"
  resolved "https://registry.yarnpkg.com/@vue/server-renderer/-/server-renderer-3.2.47.tgz#8aa1d1871fc4eb5a7851aa7f741f8f700e6de3c0"
  dependencies:
    "@vue/compiler-ssr" "3.2.47"
    "@vue/shared" "3.2.47"

"@vue/shared@3.2.47":
  version "3.2.47"
  resolved "https://registry.yarnpkg.com/@vue/shared/-/shared-3.2.47.tgz#e597ef75086c6e896ff5478a6bfc0a7aa4bbd14c"

"@vueuse/core@^9.9.0":
  version "9.10.0"
  resolved "https://registry.npmjs.org/@vueuse/core/-/core-9.10.0.tgz"
  dependencies:
    "@types/web-bluetooth" "^0.0.16"
    "@vueuse/metadata" "9.10.0"
    "@vueuse/shared" "9.10.0"
    vue-demi "*"

"@vueuse/metadata@9.10.0":
  version "9.10.0"
  resolved "https://registry.npmjs.org/@vueuse/metadata/-/metadata-9.10.0.tgz"

"@vueuse/shared@9.10.0":
  version "9.10.0"
  resolved "https://registry.npmjs.org/@vueuse/shared/-/shared-9.10.0.tgz"
  dependencies:
    vue-demi "*"

algoliasearch@^4.0.0:
  version "4.14.3"
  resolved "https://registry.npmjs.org/algoliasearch/-/algoliasearch-4.14.3.tgz"
  dependencies:
    "@algolia/cache-browser-local-storage" "4.14.3"
    "@algolia/cache-common" "4.14.3"
    "@algolia/cache-in-memory" "4.14.3"
    "@algolia/client-account" "4.14.3"
    "@algolia/client-analytics" "4.14.3"
    "@algolia/client-common" "4.14.3"
    "@algolia/client-personalization" "4.14.3"
    "@algolia/client-search" "4.14.3"
    "@algolia/logger-common" "4.14.3"
    "@algolia/logger-console" "4.14.3"
    "@algolia/requester-browser-xhr" "4.14.3"
    "@algolia/requester-common" "4.14.3"
    "@algolia/requester-node-http" "4.14.3"
    "@algolia/transporter" "4.14.3"

argparse@^2.0.1:
  version "2.0.1"
  resolved "https://registry.npmjs.org/argparse/-/argparse-2.0.1.tgz"

body-scroll-lock@4.0.0-beta.0:
  version "4.0.0-beta.0"
  resolved "https://registry.npmjs.org/body-scroll-lock/-/body-scroll-lock-4.0.0-beta.0.tgz"

copy-anything@^2.0.1:
  version "2.0.6"
  resolved "https://registry.npmjs.org/copy-anything/-/copy-anything-2.0.6.tgz"
  dependencies:
    is-what "^3.14.1"

csstype@^2.6.8:
  version "2.6.21"
  resolved "https://registry.npmjs.org/csstype/-/csstype-2.6.21.tgz"

debug@^3.2.6:
  version "3.2.7"
  resolved "https://registry.npmjs.org/debug/-/debug-3.2.7.tgz"
  dependencies:
    ms "^2.1.1"

entities@~3.0.1:
  version "3.0.1"
  resolved "https://registry.npmjs.org/entities/-/entities-3.0.1.tgz"

errno@^0.1.1:
  version "0.1.8"
  resolved "https://registry.npmjs.org/errno/-/errno-0.1.8.tgz"
  dependencies:
    prr "~1.0.1"

esbuild@^0.16.3:
  version "0.16.16"
  resolved "https://registry.npmjs.org/esbuild/-/esbuild-0.16.16.tgz"
  optionalDependencies:
    "@esbuild/android-arm" "0.16.16"
    "@esbuild/android-arm64" "0.16.16"
    "@esbuild/android-x64" "0.16.16"
    "@esbuild/darwin-arm64" "0.16.16"
    "@esbuild/darwin-x64" "0.16.16"
    "@esbuild/freebsd-arm64" "0.16.16"
    "@esbuild/freebsd-x64" "0.16.16"
    "@esbuild/linux-arm" "0.16.16"
    "@esbuild/linux-arm64" "0.16.16"
    "@esbuild/linux-ia32" "0.16.16"
    "@esbuild/linux-loong64" "0.16.16"
    "@esbuild/linux-mips64el" "0.16.16"
    "@esbuild/linux-ppc64" "0.16.16"
    "@esbuild/linux-riscv64" "0.16.16"
    "@esbuild/linux-s390x" "0.16.16"
    "@esbuild/linux-x64" "0.16.16"
    "@esbuild/netbsd-x64" "0.16.16"
    "@esbuild/openbsd-x64" "0.16.16"
    "@esbuild/sunos-x64" "0.16.16"
    "@esbuild/win32-arm64" "0.16.16"
    "@esbuild/win32-ia32" "0.16.16"
    "@esbuild/win32-x64" "0.16.16"

estree-walker@^2.0.2:
  version "2.0.2"
  resolved "https://registry.npmjs.org/estree-walker/-/estree-walker-2.0.2.tgz"

flexsearch@^0.7.31:
  version "0.7.31"
  resolved "https://registry.npmjs.org/flexsearch/-/flexsearch-0.7.31.tgz"

fsevents@~2.3.2:
  version "2.3.2"
  resolved "https://registry.yarnpkg.com/fsevents/-/fsevents-2.3.2.tgz#8a526f78b8fdf4623b709e0b975c52c24c02fd1a"

function-bind@^1.1.1:
  version "1.1.1"
  resolved "https://registry.npmjs.org/function-bind/-/function-bind-1.1.1.tgz"

graceful-fs@^4.1.2:
  version "4.2.10"
  resolved "https://registry.npmjs.org/graceful-fs/-/graceful-fs-4.2.10.tgz"

has@^1.0.3:
  version "1.0.3"
  resolved "https://registry.npmjs.org/has/-/has-1.0.3.tgz"
  dependencies:
    function-bind "^1.1.1"

iconv-lite@^0.6.3:
  version "0.6.3"
  resolved "https://registry.npmjs.org/iconv-lite/-/iconv-lite-0.6.3.tgz"
  dependencies:
    safer-buffer ">= 2.1.2 < 3.0.0"

image-size@~0.5.0:
  version "0.5.5"
  resolved "https://registry.npmjs.org/image-size/-/image-size-0.5.5.tgz"

is-core-module@^2.9.0:
  version "2.11.0"
  resolved "https://registry.npmjs.org/is-core-module/-/is-core-module-2.11.0.tgz"
  dependencies:
    has "^1.0.3"

is-what@^3.14.1:
  version "3.14.1"
  resolved "https://registry.npmjs.org/is-what/-/is-what-3.14.1.tgz"

jsonc-parser@^3.2.0:
  version "3.2.0"
  resolved "https://registry.npmjs.org/jsonc-parser/-/jsonc-parser-3.2.0.tgz"

less@^4.1.3:
  version "4.1.3"
  resolved "https://registry.npmjs.org/less/-/less-4.1.3.tgz"
  dependencies:
    copy-anything "^2.0.1"
    parse-node-version "^1.0.1"
    tslib "^2.3.0"
  optionalDependencies:
    errno "^0.1.1"
    graceful-fs "^4.1.2"
    image-size "~0.5.0"
    make-dir "^2.1.0"
    mime "^1.4.1"
    needle "^3.1.0"
    source-map "~0.6.0"

linkify-it@^4.0.1:
  version "4.0.1"
  resolved "https://registry.npmjs.org/linkify-it/-/linkify-it-4.0.1.tgz"
  dependencies:
    uc.micro "^1.0.1"

magic-string@^0.25.7:
  version "0.25.9"
  resolved "https://registry.npmjs.org/magic-string/-/magic-string-0.25.9.tgz"
  dependencies:
    sourcemap-codec "^1.4.8"

make-dir@^2.1.0:
  version "2.1.0"
  resolved "https://registry.npmjs.org/make-dir/-/make-dir-2.1.0.tgz"
  dependencies:
    pify "^4.0.1"
    semver "^5.6.0"

markdown-it-anchor@^8.6.4:
  version "8.6.6"
  resolved "https://registry.npmjs.org/markdown-it-anchor/-/markdown-it-anchor-8.6.6.tgz"

markdown-it@^13.0.1:
  version "13.0.1"
  resolved "https://registry.npmjs.org/markdown-it/-/markdown-it-13.0.1.tgz"
  dependencies:
    argparse "^2.0.1"
    entities "~3.0.1"
    linkify-it "^4.0.1"
    mdurl "^1.0.1"
    uc.micro "^1.0.5"

mdurl@^1.0.1:
  version "1.0.1"
  resolved "https://registry.npmjs.org/mdurl/-/mdurl-1.0.1.tgz"

mime@^1.4.1:
  version "1.6.0"
  resolved "https://registry.npmjs.org/mime/-/mime-1.6.0.tgz"

ms@^2.1.1:
  version "2.1.3"
  resolved "https://registry.npmjs.org/ms/-/ms-2.1.3.tgz"

nanoid@^3.3.4:
  version "3.3.4"
  resolved "https://registry.npmjs.org/nanoid/-/nanoid-3.3.4.tgz"

needle@^3.1.0:
  version "3.2.0"
  resolved "https://registry.npmjs.org/needle/-/needle-3.2.0.tgz"
  dependencies:
    debug "^3.2.6"
    iconv-lite "^0.6.3"
    sax "^1.2.4"

parse-node-version@^1.0.1:
  version "1.0.1"
  resolved "https://registry.npmjs.org/parse-node-version/-/parse-node-version-1.0.1.tgz"

path-parse@^1.0.7:
  version "1.0.7"
  resolved "https://registry.npmjs.org/path-parse/-/path-parse-1.0.7.tgz"

picocolors@^1.0.0:
  version "1.0.0"
  resolved "https://registry.npmjs.org/picocolors/-/picocolors-1.0.0.tgz"

pify@^4.0.1:
  version "4.0.1"
  resolved "https://registry.npmjs.org/pify/-/pify-4.0.1.tgz"

postcss@^8.1.10, postcss@^8.4.20:
  version "8.4.21"
  resolved "https://registry.npmjs.org/postcss/-/postcss-8.4.21.tgz"
  dependencies:
    nanoid "^3.3.4"
    picocolors "^1.0.0"
    source-map-js "^1.0.2"

preact@^10.0.0:
  version "10.11.3"
  resolved "https://registry.npmjs.org/preact/-/preact-10.11.3.tgz"

prr@~1.0.1:
  version "1.0.1"
  resolved "https://registry.npmjs.org/prr/-/prr-1.0.1.tgz"

resolve@^1.22.1:
  version "1.22.1"
  resolved "https://registry.npmjs.org/resolve/-/resolve-1.22.1.tgz"
  dependencies:
    is-core-module "^2.9.0"
    path-parse "^1.0.7"
    supports-preserve-symlinks-flag "^1.0.0"

rollup@^3.7.0:
  version "3.9.1"
  resolved "https://registry.npmjs.org/rollup/-/rollup-3.9.1.tgz"
  optionalDependencies:
    fsevents "~2.3.2"

"safer-buffer@>= 2.1.2 < 3.0.0":
  version "2.1.2"
  resolved "https://registry.npmjs.org/safer-buffer/-/safer-buffer-2.1.2.tgz"

sax@^1.2.4:
  version "1.2.4"
  resolved "https://registry.npmjs.org/sax/-/sax-1.2.4.tgz"

semver@^5.6.0:
  version "5.7.1"
  resolved "https://registry.npmjs.org/semver/-/semver-5.7.1.tgz"

shiki@^0.12.1:
  version "0.12.1"
  resolved "https://registry.npmjs.org/shiki/-/shiki-0.12.1.tgz"
  dependencies:
    jsonc-parser "^3.2.0"
    vscode-oniguruma "^1.7.0"
    vscode-textmate "^8.0.0"

source-map-js@^1.0.2:
  version "1.0.2"
  resolved "https://registry.npmjs.org/source-map-js/-/source-map-js-1.0.2.tgz"

source-map@^0.6.1, source-map@~0.6.0:
  version "0.6.1"
  resolved "https://registry.npmjs.org/source-map/-/source-map-0.6.1.tgz"

sourcemap-codec@^1.4.8:
  version "1.4.8"
  resolved "https://registry.npmjs.org/sourcemap-codec/-/sourcemap-codec-1.4.8.tgz"

supports-preserve-symlinks-flag@^1.0.0:
  version "1.0.0"
  resolved "https://registry.npmjs.org/supports-preserve-symlinks-flag/-/supports-preserve-symlinks-flag-1.0.0.tgz"

tslib@^2.3.0:
  version "2.4.1"
  resolved "https://registry.npmjs.org/tslib/-/tslib-2.4.1.tgz"

uc.micro@^1.0.1, uc.micro@^1.0.5:
  version "1.0.6"
  resolved "https://registry.npmjs.org/uc.micro/-/uc.micro-1.0.6.tgz"

vite@^4.0.4:
  version "4.0.4"
  resolved "https://registry.npmjs.org/vite/-/vite-4.0.4.tgz"
  dependencies:
    esbuild "^0.16.3"
    postcss "^8.4.20"
    resolve "^1.22.1"
    rollup "^3.7.0"
  optionalDependencies:
    fsevents "~2.3.2"

vitepress@^1.0.0-alpha.35:
  version "1.0.0-alpha.35"
  resolved "https://registry.npmjs.org/vitepress/-/vitepress-1.0.0-alpha.35.tgz"
  dependencies:
    "@docsearch/css" "^3.3.1"
    "@docsearch/js" "^3.3.1"
    "@vitejs/plugin-vue" "^4.0.0"
    "@vue/devtools-api" "^6.4.5"
    "@vueuse/core" "^9.9.0"
    body-scroll-lock "4.0.0-beta.0"
    shiki "^0.12.1"
    vite "^4.0.4"
    vue "^3.2.45"

vscode-oniguruma@^1.7.0:
  version "1.7.0"
  resolved "https://registry.npmjs.org/vscode-oniguruma/-/vscode-oniguruma-1.7.0.tgz"

vscode-textmate@^8.0.0:
  version "8.0.0"
  resolved "https://registry.npmjs.org/vscode-textmate/-/vscode-textmate-8.0.0.tgz"

vue-demi@*:
  version "0.13.11"
  resolved "https://registry.npmjs.org/vue-demi/-/vue-demi-0.13.11.tgz"

vue@^3.2.45, vue@^3.2.47:
  version "3.2.47"
  resolved "https://registry.yarnpkg.com/vue/-/vue-3.2.47.tgz#3eb736cbc606fc87038dbba6a154707c8a34cff0"
  dependencies:
    "@vue/compiler-dom" "3.2.47"
    "@vue/compiler-sfc" "3.2.47"
    "@vue/runtime-dom" "3.2.47"
    "@vue/server-renderer" "3.2.47"
    "@vue/shared" "3.2.47"
